
Microsoft Visual Studio Solution File, Format Version 12.00
# Visual Studio Version 17
VisualStudioVersion = 17.8.34511.84
MinimumVisualStudioVersion = 10.0.40219.1
Project("{FAE04EC0-301F-11D3-BF4B-00C04F79EFBC}") = "ChallangeApp", "ChallangeApp\ChallangeApp.csproj", "{DEC4A3C0-D5A4-4E52-AAC8-5E7D3D362C07}"
EndProject
Global
	GlobalSection(SolutionConfigurationPlatforms) = preSolution
		Debug|Any CPU = Debug|Any CPU
		Release|Any CPU = Release|Any CPU
	EndGlobalSection
	GlobalSection(ProjectConfigurationPlatforms) = postSolution
		{DEC4A3C0-D5A4-4E52-AAC8-5E7D3D362C07}.Debug|Any CPU.ActiveCfg = Debug|Any CPU
		{DEC4A3C0-D5A4-4E52-AAC8-5E7D3D362C07}.Debug|Any CPU.Build.0 = Debug|Any CPU
		{DEC4A3C0-D5A4-4E52-AAC8-5E7D3D362C07}.Release|Any CPU.ActiveCfg = Release|Any CPU
		{DEC4A3C0-D5A4-4E52-AAC8-5E7D3D362C07}.Release|Any CPU.Build.0 = Release|Any CPU
	EndGlobalSection
	GlobalSection(SolutionProperties) = preSolution
		HideSolutionNode = FALSE
	EndGlobalSection
	GlobalSection(ExtensibilityGlobals) = postSolution
		SolutionGuid = {BEBEE0E6-BDE7-48B1-932E-D35661D9AE17}
	EndGlobalSection
EndGlobal
